
Microsoft Visual Studio Solution File, Format Version 12.00
# Visual Studio Version 16
VisualStudioVersion = 16.0.30011.22
MinimumVisualStudioVersion = 10.0.40219.1
Project("{9A19103F-16F7-4668-BE54-9A1E7A4F7556}") = "AspNetCore.Security.JwsDetached", "AspNetCore.Security.JwsDetached\AspNetCore.Security.JwsDetached.csproj", "{B07D24F3-0835-4692-9CA7-B9A2120461E5}"
EndProject
Project("{FAE04EC0-301F-11D3-BF4B-00C04F79EFBC}") = "AspNetCore.Security.JwsDetached.Test", "AspNetCore.Security.JwsDetached.Test\AspNetCore.Security.JwsDetached.Test.csproj", "{0344A298-CA9B-468A-B9CB-2B4686BF8E98}"
EndProject
Global
	GlobalSection(SolutionConfigurationPlatforms) = preSolution
		Debug|Any CPU = Debug|Any CPU
		Release|Any CPU = Release|Any CPU
	EndGlobalSection
	GlobalSection(ProjectConfigurationPlatforms) = postSolution
		{B07D24F3-0835-4692-9CA7-B9A2120461E5}.Debug|Any CPU.ActiveCfg = Debug|Any CPU
		{B07D24F3-0835-4692-9CA7-B9A2120461E5}.Debug|Any CPU.Build.0 = Debug|Any CPU
		{B07D24F3-0835-4692-9CA7-B9A2120461E5}.Release|Any CPU.ActiveCfg = Release|Any CPU
		{B07D24F3-0835-4692-9CA7-B9A2120461E5}.Release|Any CPU.Build.0 = Release|Any CPU
		{0344A298-CA9B-468A-B9CB-2B4686BF8E98}.Debug|Any CPU.ActiveCfg = Debug|Any CPU
		{0344A298-CA9B-468A-B9CB-2B4686BF8E98}.Debug|Any CPU.Build.0 = Debug|Any CPU
		{0344A298-CA9B-468A-B9CB-2B4686BF8E98}.Release|Any CPU.ActiveCfg = Release|Any CPU
		{0344A298-CA9B-468A-B9CB-2B4686BF8E98}.Release|Any CPU.Build.0 = Release|Any CPU
	EndGlobalSection
	GlobalSection(SolutionProperties) = preSolution
		HideSolutionNode = FALSE
	EndGlobalSection
	GlobalSection(ExtensibilityGlobals) = postSolution
		SolutionGuid = {A7E1184F-1DAA-4B07-A23D-57FD7F1AF2A0}
	EndGlobalSection
EndGlobal
